github.com/Chrede88/L1nkr v1.0.0 h1:bG+pISDLLFVkA4Sdtz6+5LUuHIvD0d1zvRkUr4Y6NcE=
github.com/Chrede88/L1nkr v1.0.0/go.mod h1:sy61OCXbQCfD58JxhQxgt/L/ad9fAh4tiXUPgah0r58=
github.com/Chrede88/L1nkr v1.2.0 h1:HFSf/1LsoqiCYXfCDaF0gJkayWpPpMvhNLshN7titfw=
github.com/Chrede88/L1nkr v1.2.0/go.mod h1:sy61OCXbQCfD58JxhQxgt/L/ad9fAh4tiXUPgah0r58=
github.com/Chrede88/L1nkr v1.3.0 h1:rsQ/phnz+PrV203LLcB6BHT2G4wsJMUkto/Fn4KfcYk=
github.com/Chrede88/L1nkr v1.3.0/go.mod h1:sy61OCXbQCfD58JxhQxgt/L/ad9fAh4tiXUPgah0r58=
github.com/Chrede88/L1nkr v1.3.1 h1:1kUWlKkvUdMgWdSGE4p3DfxewkzoWHkCikcjYO/L7to=
github.com/Chrede88/L1nkr v1.3.1/go.mod h1:sy61OCXbQCfD58JxhQxgt/L/ad9fAh4tiXUPgah0r58=
github.com/Chrede88/L1nkr v1.3.2 h1:TH72s2e0iglx9KxFoxb+ltWFDoPi1dnbE52eonpi4L4=
github.com/Chrede88/L1nkr v1.3.2/go.mod h1:sy61OCXbQCfD58JxhQxgt/L/ad9fAh4tiXUPgah0r58=
github.com/Chrede88/L1nkr v1.3.3 h1:N9JdKLG59SjJhu5KH182iSfOhTfeUQFeJwOBqGouI/0=
github.com/Chrede88/L1nkr v1.3.3/go.mod h1:sy61OCXbQCfD58JxhQxgt/L/ad9fAh4tiXUPgah0r58=
github.com/Chrede88/L1nkr v1.3.4 h1:nWUr+jehsBQcGkNQg3HsF1Tk7HX4dbV17bpaQ3nQH+A=
github.com/Chrede88/L1nkr v1.3.4/go.mod h1:sy61OCXbQCfD58JxhQxgt/L/ad9fAh4tiXUPgah0r58=
github.com/Chrede88/L1nkr v1.4.0 h1:YOzqnN6W/DYgiaAjh4mhvHDjN5cKrtbPphXpYOa+snQ=
github.com/Chrede88/L1nkr v1.4.0/go.mod h1:sy61OCXbQCfD58JxhQxgt/L/ad9fAh4tiXUPgah0r58=
github.com/Chrede88/L1nkr v1.5.0 h1:uSSouBG+5g/VJgE6RItYlHj28iGnNHs2sxxBwJ4bz7c=
github.com/Chrede88/L1nkr v1.5.0/go.mod h1:sy61OCXbQCfD58JxhQxgt/L/ad9fAh4tiXUPgah0r58=
github.com/Chrede88/L1nkr v1.5.1/go.mod h1:iIy8W58IM0lGIYc1rcHWOEDn/guc9FR56ciZI5wQ5x4=
github.com/Chrede88/L1nkr v1.5.3/go.mod h1:iIy8W58IM0lGIYc1rcHWOEDn/guc9FR56ciZI5wQ5x4=
github.com/Chrede88/L1nkr v1.6.0/go.mod h1:iIy8W58IM0lGIYc1rcHWOEDn/guc9FR56ciZI5wQ5x4=
