github.com/Chrede88/L1nkr v1.0.0 h1:bG+pISDLLFVkA4Sdtz6+5LUuHIvD0d1zvRkUr4Y6NcE=
github.com/Chrede88/L1nkr v1.0.0/go.mod h1:sy61OCXbQCfD58JxhQxgt/L/ad9fAh4tiXUPgah0r58=
github.com/Chrede88/L1nkr v1.2.0 h1:HFSf/1LsoqiCYXfCDaF0gJkayWpPpMvhNLshN7titfw=
github.com/Chrede88/L1nkr v1.2.0/go.mod h1:sy61OCXbQCfD58JxhQxgt/L/ad9fAh4tiXUPgah0r58=
