github.com/Chrede88/L1nkr v1.0.0 h1:bG+pISDLLFVkA4Sdtz6+5LUuHIvD0d1zvRkUr4Y6NcE=
github.com/Chrede88/L1nkr v1.0.0/go.mod h1:sy61OCXbQCfD58JxhQxgt/L/ad9fAh4tiXUPgah0r58=
github.com/Chrede88/L1nkr v1.2.0 h1:HFSf/1LsoqiCYXfCDaF0gJkayWpPpMvhNLshN7titfw=
github.com/Chrede88/L1nkr v1.2.0/go.mod h1:sy61OCXbQCfD58JxhQxgt/L/ad9fAh4tiXUPgah0r58=
github.com/Chrede88/L1nkr v1.3.0 h1:rsQ/phnz+PrV203LLcB6BHT2G4wsJMUkto/Fn4KfcYk=
github.com/Chrede88/L1nkr v1.3.0/go.mod h1:sy61OCXbQCfD58JxhQxgt/L/ad9fAh4tiXUPgah0r58=
github.com/Chrede88/L1nkr v1.3.1 h1:1kUWlKkvUdMgWdSGE4p3DfxewkzoWHkCikcjYO/L7to=
github.com/Chrede88/L1nkr v1.3.1/go.mod h1:sy61OCXbQCfD58JxhQxgt/L/ad9fAh4tiXUPgah0r58=
github.com/Chrede88/L1nkr v1.3.2 h1:TH72s2e0iglx9KxFoxb+ltWFDoPi1dnbE52eonpi4L4=
github.com/Chrede88/L1nkr v1.3.2/go.mod h1:sy61OCXbQCfD58JxhQxgt/L/ad9fAh4tiXUPgah0r58=
github.com/Chrede88/L1nkr v1.3.3 h1:N9JdKLG59SjJhu5KH182iSfOhTfeUQFeJwOBqGouI/0=
github.com/Chrede88/L1nkr v1.3.3/go.mod h1:sy61OCXbQCfD58JxhQxgt/L/ad9fAh4tiXUPgah0r58=
github.com/Chrede88/L1nkr v1.3.4 h1:nWUr+jehsBQcGkNQg3HsF1Tk7HX4dbV17bpaQ3nQH+A=
github.com/Chrede88/L1nkr v1.3.4/go.mod h1:sy61OCXbQCfD58JxhQxgt/L/ad9fAh4tiXUPgah0r58=
github.com/Chrede88/L1nkr v1.4.0 h1:YOzqnN6W/DYgiaAjh4mhvHDjN5cKrtbPphXpYOa+snQ=
github.com/Chrede88/L1nkr v1.4.0/go.mod h1:sy61OCXbQCfD58JxhQxgt/L/ad9fAh4tiXUPgah0r58=
github.com/Chrede88/L1nkr v1.5.0 h1:uSSouBG+5g/VJgE6RItYlHj28iGnNHs2sxxBwJ4bz7c=
github.com/Chrede88/L1nkr v1.5.0/go.mod h1:sy61OCXbQCfD58JxhQxgt/L/ad9fAh4tiXUPgah0r58=
github.com/Chrede88/L1nkr v1.5.1/go.mod h1:iIy8W58IM0lGIYc1rcHWOEDn/guc9FR56ciZI5wQ5x4=
github.com/Chrede88/L1nkr v1.5.3/go.mod h1:iIy8W58IM0lGIYc1rcHWOEDn/guc9FR56ciZI5wQ5x4=
github.com/Chrede88/L1nkr v1.6.0/go.mod h1:iIy8W58IM0lGIYc1rcHWOEDn/guc9FR56ciZI5wQ5x4=
github.com/chrede88/L1nkr v1.7.0 h1:jjbmg01NBH04NnQMtcjS45cxvRXLD5W0pUh5SAzJWj4=
github.com/chrede88/L1nkr v1.7.0/go.mod h1:crfvKrQqS2Wj5vWIFLDKDLHyB6Wh5ZnG1+HLt3GCawg=
github.com/chrede88/L1nkr v1.8.0/go.mod h1:crfvKrQqS2Wj5vWIFLDKDLHyB6Wh5ZnG1+HLt3GCawg=
github.com/chrede88/L1nkr v1.8.1/go.mod h1:crfvKrQqS2Wj5vWIFLDKDLHyB6Wh5ZnG1+HLt3GCawg=
github.com/chrede88/L1nkr v1.8.2/go.mod h1:D8x19w+oZ+fVPQRRp8Y453HPgl95UfP7N+tT5nmY33Q=
github.com/chrede88/L1nkr v1.8.3/go.mod h1:D8x19w+oZ+fVPQRRp8Y453HPgl95UfP7N+tT5nmY33Q=
github.com/chrede88/L1nkr v1.8.4/go.mod h1:D8x19w+oZ+fVPQRRp8Y453HPgl95UfP7N+tT5nmY33Q=
github.com/chrede88/L1nkr v1.8.5/go.mod h1:hWnrkFOZnBTtTif3s2Ctv8FSRh8uPJV+DLoy0SDfGvk=
github.com/chrede88/L1nkr v1.8.6 h1:sG59kq3Krl8iNrSTfvew7BWtF7QvQoqtKrW+ba2iGXQ=
github.com/chrede88/L1nkr v1.8.6/go.mod h1:F6KUAUHQjRM7Wcp49Wru5RotUyjpNtZm1siLXw5s87o=
github.com/chrede88/L1nkr v1.9.0/go.mod h1:QWGRaz9zac0RXiRoS4XysHLLDarI1g6+a0uMqfC5T7A=
github.com/chrede88/L1nkr v1.9.1/go.mod h1:QWGRaz9zac0RXiRoS4XysHLLDarI1g6+a0uMqfC5T7A=
github.com/chrede88/L1nkr v1.9.2/go.mod h1:QWGRaz9zac0RXiRoS4XysHLLDarI1g6+a0uMqfC5T7A=
github.com/chrede88/L1nkr v1.10.0/go.mod h1:oyWrY+vHMevXqiUy9aqqaqmo8GUKh/1JpC/XIgJIpr4=
